// !$*UTF8*$!
{
	archiveVersion = 1;
	classes = {
	};
	objectVersion = 46;
	objects = {

/* Begin PBXBuildFile section */
		B40B47EB1C76C61A003A0920 /* AppDelegate.swift in Sources */ = {isa = PBXBuildFile; fileRef = B40B47EA1C76C61A003A0920 /* AppDelegate.swift */; };
		B40B47ED1C76C61A003A0920 /* ViewController.swift in Sources */ = {isa = PBXBuildFile; fileRef = B40B47EC1C76C61A003A0920 /* ViewController.swift */; };
		B40B47F01C76C61A003A0920 /* Main.storyboard in Resources */ = {isa = PBXBuildFile; fileRef = B40B47EE1C76C61A003A0920 /* Main.storyboard */; };
		B40B47F21C76C61A003A0920 /* Assets.xcassets in Resources */ = {isa = PBXBuildFile; fileRef = B40B47F11C76C61A003A0920 /* Assets.xcassets */; };
		B40B47F51C76C61A003A0920 /* LaunchScreen.storyboard in Resources */ = {isa = PBXBuildFile; fileRef = B40B47F31C76C61A003A0920 /* LaunchScreen.storyboard */; };
		B40B48001C76C61A003A0920 /* OneSunChatTests.swift in Sources */ = {isa = PBXBuildFile; fileRef = B40B47FF1C76C61A003A0920 /* OneSunChatTests.swift */; };
		B40B480B1C76C61A003A0920 /* OneSunChatUITests.swift in Sources */ = {isa = PBXBuildFile; fileRef = B40B480A1C76C61A003A0920 /* OneSunChatUITests.swift */; };
/* End PBXBuildFile section */

/* Begin PBXContainerItemProxy section */
		B40B47FC1C76C61A003A0920 /* PBXContainerItemProxy */ = {
			isa = PBXContainerItemProxy;
			containerPortal = B40B47DF1C76C61A003A0920 /* Project object */;
			proxyType = 1;
			remoteGlobalIDString = B40B47E61C76C61A003A0920;
			remoteInfo = OneSunChat;
		};
		B40B48071C76C61A003A0920 /* PBXContainerItemProxy */ = {
			isa = PBXContainerItemProxy;
			containerPortal = B40B47DF1C76C61A003A0920 /* Project object */;
			proxyType = 1;
			remoteGlobalIDString = B40B47E61C76C61A003A0920;
			remoteInfo = OneSunChat;
		};
/* End PBXContainerItemProxy section */

/* Begin PBXFileReference section */
		B40B47E71C76C61A003A0920 /* OneSunChat.app */ = {isa = PBXFileReference; explicitFileType = wrapper.application; includeInIndex = 0; path = OneSunChat.app; sourceTree = BUILT_PRODUCTS_DIR; };
		B40B47EA1C76C61A003A0920 /* AppDelegate.swift */ = {isa = PBXFileReference; lastKnownFileType = sourcecode.swift; path = AppDelegate.swift; sourceTree = "<group>"; };
		B40B47EC1C76C61A003A0920 /* ViewController.swift */ = {isa = PBXFileReference; lastKnownFileType = sourcecode.swift; path = ViewController.swift; sourceTree = "<group>"; };
		B40B47EF1C76C61A003A0920 /* Base */ = {isa = PBXFileReference; lastKnownFileType = file.storyboard; name = Base; path = Base.lproj/Main.storyboard; sourceTree = "<group>"; };
		B40B47F11C76C61A003A0920 /* Assets.xcassets */ = {isa = PBXFileReference; lastKnownFileType = folder.assetcatalog; path = Assets.xcassets; sourceTree = "<group>"; };
		B40B47F41C76C61A003A0920 /* Base */ = {isa = PBXFileReference; lastKnownFileType = file.storyboard; name = Base; path = Base.lproj/LaunchScreen.storyboard; sourceTree = "<group>"; };
		B40B47F61C76C61A003A0920 /* Info.plist */ = {isa = PBXFileReference; lastKnownFileType = text.plist.xml; path = Info.plist; sourceTree = "<group>"; };
		B40B47FB1C76C61A003A0920 /* OneSunChatTests.xctest */ = {isa = PBXFileReference; explicitFileType = wrapper.cfbundle; includeInIndex = 0; path = OneSunChatTests.xctest; sourceTree = BUILT_PRODUCTS_DIR; };
		B40B47FF1C76C61A003A0920 /* OneSunChatTests.swift */ = {isa = PBXFileReference; lastKnownFileType = sourcecode.swift; path = OneSunChatTests.swift; sourceTree = "<group>"; };
		B40B48011C76C61A003A0920 /* Info.plist */ = {isa = PBXFileReference; lastKnownFileType = text.plist.xml; path = Info.plist; sourceTree = "<group>"; };
		B40B48061C76C61A003A0920 /* OneSunChatUITests.xctest */ = {isa = PBXFileReference; explicitFileType = wrapper.cfbundle; includeInIndex = 0; path = OneSunChatUITests.xctest; sourceTree = BUILT_PRODUCTS_DIR; };
		B40B480A1C76C61A003A0920 /* OneSunChatUITests.swift */ = {isa = PBXFileReference; lastKnownFileType = sourcecode.swift; path = OneSunChatUITests.swift; sourceTree = "<group>"; };
		B40B480C1C76C61A003A0920 /* Info.plist */ = {isa = PBXFileReference; lastKnownFileType = text.plist.xml; path = Info.plist; sourceTree = "<group>"; };
/* End PBXFileReference section */

/* Begin PBXFrameworksBuildPhase section */
		B40B47E41C76C61A003A0920 /* Frameworks */ = {
			isa = PBXFrameworksBuildPhase;
			buildActionMask = 2147483647;
			files = (
			);
			runOnlyForDeploymentPostprocessing = 0;
		};
		B40B47F81C76C61A003A0920 /* Frameworks */ = {
			isa = PBXFrameworksBuildPhase;
			buildActionMask = 2147483647;
			files = (
			);
			runOnlyForDeploymentPostprocessing = 0;
		};
		B40B48031C76C61A003A0920 /* Frameworks */ = {
			isa = PBXFrameworksBuildPhase;
			buildActionMask = 2147483647;
			files = (
			);
			runOnlyForDeploymentPostprocessing = 0;
		};
/* End PBXFrameworksBuildPhase section */

/* Begin PBXGroup section */
		B40B47DE1C76C61A003A0920 = {
			isa = PBXGroup;
			children = (
				B40B47E91C76C61A003A0920 /* OneSunChat */,
				B40B47FE1C76C61A003A0920 /* OneSunChatTests */,
				B40B48091C76C61A003A0920 /* OneSunChatUITests */,
				B40B47E81C76C61A003A0920 /* Products */,
			);
			sourceTree = "<group>";
		};
		B40B47E81C76C61A003A0920 /* Products */ = {
			isa = PBXGroup;
			children = (
				B40B47E71C76C61A003A0920 /* OneSunChat.app */,
				B40B47FB1C76C61A003A0920 /* OneSunChatTests.xctest */,
				B40B48061C76C61A003A0920 /* OneSunChatUITests.xctest */,
			);
			name = Products;
			sourceTree = "<group>";
		};
		B40B47E91C76C61A003A0920 /* OneSunChat */ = {
			isa = PBXGroup;
			children = (
				B40B47EA1C76C61A003A0920 /* AppDelegate.swift */,
				B40B47EC1C76C61A003A0920 /* ViewController.swift */,
				B40B47EE1C76C61A003A0920 /* Main.storyboard */,
				B40B47F11C76C61A003A0920 /* Assets.xcassets */,
				B40B47F31C76C61A003A0920 /* LaunchScreen.storyboard */,
				B40B47F61C76C61A003A0920 /* Info.plist */,
			);
			path = OneSunChat;
			sourceTree = "<group>";
		};
		B40B47FE1C76C61A003A0920 /* OneSunChatTests */ = {
			isa = PBXGroup;
			children = (
				B40B47FF1C76C61A003A0920 /* OneSunChatTests.swift */,
				B40B48011C76C61A003A0920 /* Info.plist */,
			);
			path = OneSunChatTests;
			sourceTree = "<group>";
		};
		B40B48091C76C61A003A0920 /* OneSunChatUITests */ = {
			isa = PBXGroup;
			children = (
				B40B480A1C76C61A003A0920 /* OneSunChatUITests.swift */,
				B40B480C1C76C61A003A0920 /* Info.plist */,
			);
			path = OneSunChatUITests;
			sourceTree = "<group>";
		};
/* End PBXGroup section */

/* Begin PBXNativeTarget section */
		B40B47E61C76C61A003A0920 /* OneSunChat */ = {
			isa = PBXNativeTarget;
			buildConfigurationList = B40B480F1C76C61A003A0920 /* Build configuration list for PBXNativeTarget "OneSunChat" */;
			buildPhases = (
				B40B47E31C76C61A003A0920 /* Sources */,
				B40B47E41C76C61A003A0920 /* Frameworks */,
				B40B47E51C76C61A003A0920 /* Resources */,
			);
			buildRules = (
			);
			dependencies = (
			);
			name = OneSunChat;
			productName = OneSunChat;
			productReference = B40B47E71C76C61A003A0920 /* OneSunChat.app */;
			productType = "com.apple.product-type.application";
		};
		B40B47FA1C76C61A003A0920 /* OneSunChatTests */ = {
			isa = PBXNativeTarget;
			buildConfigurationList = B40B48121C76C61A003A0920 /* Build configuration list for PBXNativeTarget "OneSunChatTests" */;
			buildPhases = (
				B40B47F71C76C61A003A0920 /* Sources */,
				B40B47F81C76C61A003A0920 /* Frameworks */,
				B40B47F91C76C61A003A0920 /* Resources */,
			);
			buildRules = (
			);
			dependencies = (
				B40B47FD1C76C61A003A0920 /* PBXTargetDependency */,
			);
			name = OneSunChatTests;
			productName = OneSunChatTests;
			productReference = B40B47FB1C76C61A003A0920 /* OneSunChatTests.xctest */;
			productType = "com.apple.product-type.bundle.unit-test";
		};
		B40B48051C76C61A003A0920 /* OneSunChatUITests */ = {
			isa = PBXNativeTarget;
			buildConfigurationList = B40B48151C76C61A003A0920 /* Build configuration list for PBXNativeTarget "OneSunChatUITests" */;
			buildPhases = (
				B40B48021C76C61A003A0920 /* Sources */,
				B40B48031C76C61A003A0920 /* Frameworks */,
				B40B48041C76C61A003A0920 /* Resources */,
			);
			buildRules = (
			);
			dependencies = (
				B40B48081C76C61A003A0920 /* PBXTargetDependency */,
			);
			name = OneSunChatUITests;
			productName = OneSunChatUITests;
			productReference = B40B48061C76C61A003A0920 /* OneSunChatUITests.xctest */;
			productType = "com.apple.product-type.bundle.ui-testing";
		};
/* End PBXNativeTarget section */

/* Begin PBXProject section */
		B40B47DF1C76C61A003A0920 /* Project object */ = {
			isa = PBXProject;
			attributes = {
				LastSwiftUpdateCheck = 0730;
				LastUpgradeCheck = 0730;
				ORGANIZATIONNAME = "刘ToTo";
				TargetAttributes = {
					B40B47E61C76C61A003A0920 = {
						CreatedOnToolsVersion = 7.3;
					};
					B40B47FA1C76C61A003A0920 = {
						CreatedOnToolsVersion = 7.3;
						TestTargetID = B40B47E61C76C61A003A0920;
					};
					B40B48051C76C61A003A0920 = {
						CreatedOnToolsVersion = 7.3;
						TestTargetID = B40B47E61C76C61A003A0920;
					};
				};
			};
			buildConfigurationList = B40B47E21C76C61A003A0920 /* Build configuration list for PBXProject "OneSunChat" */;
			compatibilityVersion = "Xcode 3.2";
			developmentRegion = English;
			hasScannedForEncodings = 0;
			knownRegions = (
				en,
				Base,
			);
			mainGroup = B40B47DE1C76C61A003A0920;
			productRefGroup = B40B47E81C76C61A003A0920 /* Products */;
			projectDirPath = "";
			projectRoot = "";
			targets = (
				B40B47E61C76C61A003A0920 /* OneSunChat */,
				B40B47FA1C76C61A003A0920 /* OneSunChatTests */,
				B40B48051C76C61A003A0920 /* OneSunChatUITests */,
			);
		};
/* End PBXProject section */

/* Begin PBXResourcesBuildPhase section */
		B40B47E51C76C61A003A0920 /* Resources */ = {
			isa = PBXResourcesBuildPhase;
			buildActionMask = 2147483647;
			files = (
				B40B47F51C76C61A003A0920 /* LaunchScreen.storyboard in Resources */,
				B40B47F21C76C61A003A0920 /* Assets.xcassets in Resources */,
				B40B47F01C76C61A003A0920 /* Main.storyboard in Resources */,
			);
			runOnlyForDeploymentPostprocessing = 0;
		};
		B40B47F91C76C61A003A0920 /* Resources */ = {
			isa = PBXResourcesBuildPhase;
			buildActionMask = 2147483647;
			files = (
			);
			runOnlyForDeploymentPostprocessing = 0;
		};
		B40B48041C76C61A003A0920 /* Resources */ = {
			isa = PBXResourcesBuildPhase;
			buildActionMask = 2147483647;
			files = (
			);
			runOnlyForDeploymentPostprocessing = 0;
		};
/* End PBXResourcesBuildPhase section */

/* Begin PBXSourcesBuildPhase section */
		B40B47E31C76C61A003A0920 /* Sources */ = {
			isa = PBXSourcesBuildPhase;
			buildActionMask = 2147483647;
			files = (
				B40B47ED1C76C61A003A0920 /* ViewController.swift in Sources */,
				B40B47EB1C76C61A003A0920 /* AppDelegate.swift in Sources */,
			);
			runOnlyForDeploymentPostprocessing = 0;
		};
		B40B47F71C76C61A003A0920 /* Sources */ = {
			isa = PBXSourcesBuildPhase;
			buildActionMask = 2147483647;
			files = (
				B40B48001C76C61A003A0920 /* OneSunChatTests.swift in Sources */,
			);
			runOnlyForDeploymentPostprocessing = 0;
		};
		B40B48021C76C61A003A0920 /* Sources */ = {
			isa = PBXSourcesBuildPhase;
			buildActionMask = 2147483647;
			files = (
				B40B480B1C76C61A003A0920 /* OneSunChatUITests.swift in Sources */,
			);
			runOnlyForDeploymentPostprocessing = 0;
		};
/* End PBXSourcesBuildPhase section */

/* Begin PBXTargetDependency section */
		B40B47FD1C76C61A003A0920 /* PBXTargetDependency */ = {
			isa = PBXTargetDependency;
			target = B40B47E61C76C61A003A0920 /* OneSunChat */;
			targetProxy = B40B47FC1C76C61A003A0920 /* PBXContainerItemProxy */;
		};
		B40B48081C76C61A003A0920 /* PBXTargetDependency */ = {
			isa = PBXTargetDependency;
			target = B40B47E61C76C61A003A0920 /* OneSunChat */;
			targetProxy = B40B48071C76C61A003A0920 /* PBXContainerItemProxy */;
		};
/* End PBXTargetDependency section */

/* Begin PBXVariantGroup section */
		B40B47EE1C76C61A003A0920 /* Main.storyboard */ = {
			isa = PBXVariantGroup;
			children = (
				B40B47EF1C76C61A003A0920 /* Base */,
			);
			name = Main.storyboard;
			sourceTree = "<group>";
		};
		B40B47F31C76C61A003A0920 /* LaunchScreen.storyboard */ = {
			isa = PBXVariantGroup;
			children = (
				B40B47F41C76C61A003A0920 /* Base */,
			);
			name = LaunchScreen.storyboard;
			sourceTree = "<group>";
		};
/* End PBXVariantGroup section */

/* Begin XCBuildConfiguration section */
		B40B480D1C76C61A003A0920 /* Debug */ = {
			isa = XCBuildConfiguration;
			buildSettings = {
				ALWAYS_SEARCH_USER_PATHS = NO;
				CLANG_CXX_LANGUAGE_STANDARD = "gnu++0x";
				CLANG_CXX_LIBRARY = "libc++";
				CLANG_ENABLE_MODULES = YES;
				CLANG_ENABLE_OBJC_ARC = YES;
				CLANG_WARN_BOOL_CONVERSION = YES;
				CLANG_WARN_CONSTANT_CONVERSION = YES;
				CLANG_WARN_DIRECT_OBJC_ISA_USAGE = YES_ERROR;
				CLANG_WARN_EMPTY_BODY = YES;
				CLANG_WARN_ENUM_CONVERSION = YES;
				CLANG_WARN_INT_CONVERSION = YES;
				CLANG_WARN_OBJC_ROOT_CLASS = YES_ERROR;
				CLANG_WARN_UNREACHABLE_CODE = YES;
				CLANG_WARN__DUPLICATE_METHOD_MATCH = YES;
				"CODE_SIGN_IDENTITY[sdk=iphoneos*]" = "iPhone Developer";
				COPY_PHASE_STRIP = NO;
				DEBUG_INFORMATION_FORMAT = dwarf;
				ENABLE_STRICT_OBJC_MSGSEND = YES;
				ENABLE_TESTABILITY = YES;
				GCC_C_LANGUAGE_STANDARD = gnu99;
				GCC_DYNAMIC_NO_PIC = NO;
				GCC_NO_COMMON_BLOCKS = YES;
				GCC_OPTIMIZATION_LEVEL = 0;
				GCC_PREPROCESSOR_DEFINITIONS = (
					"DEBUG=1",
					"$(inherited)",
				);
				GCC_WARN_64_TO_32_BIT_CONVERSION = YES;
				GCC_WARN_ABOUT_RETURN_TYPE = YES_ERROR;
				GCC_WARN_UNDECLARED_SELECTOR = YES;
				GCC_WARN_UNINITIALIZED_AUTOS = YES_AGGRESSIVE;
				GCC_WARN_UNUSED_FUNCTION = YES;
				GCC_WARN_UNUSED_VARIABLE = YES;
				IPHONEOS_DEPLOYMENT_TARGET = 9.3;
				MTL_ENABLE_DEBUG_INFO = YES;
				ONLY_ACTIVE_ARCH = YES;
				SDKROOT = iphoneos;
				SWIFT_OPTIMIZATION_LEVEL = "-Onone";
				TARGETED_DEVICE_FAMILY = "1,2";
			};
			name = Debug;
		};
		B40B480E1C76C61A003A0920 /* Release */ = {
			isa = XCBuildConfiguration;
			buildSettings = {
				ALWAYS_SEARCH_USER_PATHS = NO;
				CLANG_CXX_LANGUAGE_STANDARD = "gnu++0x";
				CLANG_CXX_LIBRARY = "libc++";
				CLANG_ENABLE_MODULES = YES;
				CLANG_ENABLE_OBJC_ARC = YES;
				CLANG_WARN_BOOL_CONVERSION = YES;
				CLANG_WARN_CONSTANT_CONVERSION = YES;
				CLANG_WARN_DIRECT_OBJC_ISA_USAGE = YES_ERROR;
				CLANG_WARN_EMPTY_BODY = YES;
				CLANG_WARN_ENUM_CONVERSION = YES;
				CLANG_WARN_INT_CONVERSION = YES;
				CLANG_WARN_OBJC_ROOT_CLASS = YES_ERROR;
				CLANG_WARN_UNREACHABLE_CODE = YES;
				CLANG_WARN__DUPLICATE_METHOD_MATCH = YES;
				"CODE_SIGN_IDENTITY[sdk=iphoneos*]" = "iPhone Developer";
				COPY_PHASE_STRIP = NO;
				DEBUG_INFORMATION_FORMAT = "dwarf-with-dsym";
				ENABLE_NS_ASSERTIONS = NO;
				ENABLE_STRICT_OBJC_MSGSEND = YES;
				GCC_C_LANGUAGE_STANDARD = gnu99;
				GCC_NO_COMMON_BLOCKS = YES;
				GCC_WARN_64_TO_32_BIT_CONVERSION = YES;
				GCC_WARN_ABOUT_RETURN_TYPE = YES_ERROR;
				GCC_WARN_UNDECLARED_SELECTOR = YES;
				GCC_WARN_UNINITIALIZED_AUTOS = YES_AGGRESSIVE;
				GCC_WARN_UNUSED_FUNCTION = YES;
				GCC_WARN_UNUSED_VARIABLE = YES;
				IPHONEOS_DEPLOYMENT_TARGET = 9.3;
				MTL_ENABLE_DEBUG_INFO = NO;
				SDKROOT = iphoneos;
				TARGETED_DEVICE_FAMILY = "1,2";
				VALIDATE_PRODUCT = YES;
			};
			name = Release;
		};
		B40B48101C76C61A003A0920 /* Debug */ = {
			isa = XCBuildConfiguration;
			buildSettings = {
				ASSETCATALOG_COMPILER_APPICON_NAME = AppIcon;
				INFOPLIST_FILE = OneSunChat/Info.plist;
				LD_RUNPATH_SEARCH_PATHS = "$(inherited) @executable_path/Frameworks";
				PRODUCT_BUNDLE_IDENTIFIER = com.Amer.OneSunChat;
				PRODUCT_NAME = "$(TARGET_NAME)";
			};
			name = Debug;
		};
		B40B48111C76C61A003A0920 /* Release */ = {
			isa = XCBuildConfiguration;
			buildSettings = {
				ASSETCATALOG_COMPILER_APPICON_NAME = AppIcon;
				INFOPLIST_FILE = OneSunChat/Info.plist;
				LD_RUNPATH_SEARCH_PATHS = "$(inherited) @executable_path/Frameworks";
				PRODUCT_BUNDLE_IDENTIFIER = com.Amer.OneSunChat;
				PRODUCT_NAME = "$(TARGET_NAME)";
			};
			name = Release;
		};
		B40B48131C76C61A003A0920 /* Debug */ = {
			isa = XCBuildConfiguration;
			buildSettings = {
				BUNDLE_LOADER = "$(TEST_HOST)";
				INFOPLIST_FILE = OneSunChatTests/Info.plist;
				LD_RUNPATH_SEARCH_PATHS = "$(inherited) @executable_path/Frameworks @loader_path/Frameworks";
				PRODUCT_BUNDLE_IDENTIFIER = com.Amer.OneSunChatTests;
				PRODUCT_NAME = "$(TARGET_NAME)";
				TEST_HOST = "$(BUILT_PRODUCTS_DIR)/OneSunChat.app/OneSunChat";
			};
			name = Debug;
		};
		B40B48141C76C61A003A0920 /* Release */ = {
			isa = XCBuildConfiguration;
			buildSettings = {
				BUNDLE_LOADER = "$(TEST_HOST)";
				INFOPLIST_FILE = OneSunChatTests/Info.plist;
				LD_RUNPATH_SEARCH_PATHS = "$(inherited) @executable_path/Frameworks @loader_path/Frameworks";
				PRODUCT_BUNDLE_IDENTIFIER = com.Amer.OneSunChatTests;
				PRODUCT_NAME = "$(TARGET_NAME)";
				TEST_HOST = "$(BUILT_PRODUCTS_DIR)/OneSunChat.app/OneSunChat";
			};
			name = Release;
		};
		B40B48161C76C61A003A0920 /* Debug */ = {
			isa = XCBuildConfiguration;
			buildSettings = {
				INFOPLIST_FILE = OneSunChatUITests/Info.plist;
				LD_RUNPATH_SEARCH_PATHS = "$(inherited) @executable_path/Frameworks @loader_path/Frameworks";
				PRODUCT_BUNDLE_IDENTIFIER = com.Amer.OneSunChatUITests;
				PRODUCT_NAME = "$(TARGET_NAME)";
				TEST_TARGET_NAME = OneSunChat;
			};
			name = Debug;
		};
		B40B48171C76C61A003A0920 /* Release */ = {
			isa = XCBuildConfiguration;
			buildSettings = {
				INFOPLIST_FILE = OneSunChatUITests/Info.plist;
				LD_RUNPATH_SEARCH_PATHS = "$(inherited) @executable_path/Frameworks @loader_path/Frameworks";
				PRODUCT_BUNDLE_IDENTIFIER = com.Amer.OneSunChatUITests;
				PRODUCT_NAME = "$(TARGET_NAME)";
				TEST_TARGET_NAME = OneSunChat;
			};
			name = Release;
		};
/* End XCBuildConfiguration section */

/* Begin XCConfigurationList section */
		B40B47E21C76C61A003A0920 /* Build configuration list for PBXProject "OneSunChat" */ = {
			isa = XCConfigurationList;
			buildConfigurations = (
				B40B480D1C76C61A003A0920 /* Debug */,
				B40B480E1C76C61A003A0920 /* Release */,
			);
			defaultConfigurationIsVisible = 0;
			defaultConfigurationName = Release;
		};
		B40B480F1C76C61A003A0920 /* Build configuration list for PBXNativeTarget "OneSunChat" */ = {
			isa = XCConfigurationList;
			buildConfigurations = (
				B40B48101C76C61A003A0920 /* Debug */,
				B40B48111C76C61A003A0920 /* Release */,
			);
			defaultConfigurationIsVisible = 0;
		};
		B40B48121C76C61A003A0920 /* Build configuration list for PBXNativeTarget "OneSunChatTests" */ = {
			isa = XCConfigurationList;
			buildConfigurations = (
				B40B48131C76C61A003A0920 /* Debug */,
				B40B48141C76C61A003A0920 /* Release */,
			);
			defaultConfigurationIsVisible = 0;
		};
		B40B48151C76C61A003A0920 /* Build configuration list for PBXNativeTarget "OneSunChatUITests" */ = {
			isa = XCConfigurationList;
			buildConfigurations = (
				B40B48161C76C61A003A0920 /* Debug */,
				B40B48171C76C61A003A0920 /* Release */,
			);
			defaultConfigurationIsVisible = 0;
		};
/* End XCConfigurationList section */
	};
	rootObject = B40B47DF1C76C61A003A0920 /* Project object */;
}
